// !$*UTF8*$!
{ archiveVersion = 1; classes = {}; objectVersion = 56; objects = {
90A93F12951432C95B7BB442 = { isa = PBXFileReference; lastKnownFileType = sourcecode.swift; path = "DuoFX/App/AppModel.swift"; sourceTree = SOURCE_ROOT; };
3E94360EF468CC112A753436 = { isa = PBXBuildFile; fileRef = 90A93F12951432C95B7BB442; };
F5D6167156413CE0D37EC4E8 = { isa = PBXFileReference; lastKnownFileType = sourcecode.swift; path = "DuoFX/App/DuoFXApp.swift"; sourceTree = SOURCE_ROOT; };
093FFFF9FB329CE42425E507 = { isa = PBXBuildFile; fileRef = F5D6167156413CE0D37EC4E8; };
865610D84953131F52195C52 = { isa = PBXFileReference; lastKnownFileType = sourcecode.swift; path = "DuoFX/App/EffectCoordinator.swift"; sourceTree = SOURCE_ROOT; };
0B16AECE08481E5BDCC5F385 = { isa = PBXBuildFile; fileRef = 865610D84953131F52195C52; };
863861A69AF447E2206E2567 = { isa = PBXFileReference; lastKnownFileType = sourcecode.swift; path = "DuoFX/App/MenuBarIcon.swift"; sourceTree = SOURCE_ROOT; };
10D438FCACE872CC6A9D299D = { isa = PBXBuildFile; fileRef = 863861A69AF447E2206E2567; };
307A621EA30E6A5A02A48172 = { isa = PBXFileReference; lastKnownFileType = sourcecode.swift; path = "DuoFX/Capture/CaptureError.swift"; sourceTree = SOURCE_ROOT; };
C31B91233ACCE854C3158F6D = { isa = PBXBuildFile; fileRef = 307A621EA30E6A5A02A48172; };
3A83B7FE8B32FA835AD56041 = { isa = PBXFileReference; lastKnownFileType = sourcecode.swift; path = "DuoFX/Capture/ScreenCaptureService.swift"; sourceTree = SOURCE_ROOT; };
EEC4C9E44F61BB5474A0AD51 = { isa = PBXBuildFile; fileRef = 3A83B7FE8B32FA835AD56041; };
4BB80C8A3EDA9DDC21ECC9A5 = { isa = PBXFileReference; lastKnownFileType = text.plist.xml; path = "DuoFX/Info.plist"; sourceTree = SOURCE_ROOT; };
19D062BF937D8C57EBE695BB = { isa = PBXFileReference; lastKnownFileType = sourcecode.swift; path = "DuoFX/Models/AngleMath.swift"; sourceTree = SOURCE_ROOT; };
2BA07CEF57B0AF546DFB04E0 = { isa = PBXBuildFile; fileRef = 19D062BF937D8C57EBE695BB; };
075F16DAE08904FFB2166947 = { isa = PBXFileReference; lastKnownFileType = sourcecode.swift; path = "DuoFX/Models/EffectConfiguration.swift"; sourceTree = SOURCE_ROOT; };
B012606AA03C0BEEC0770586 = { isa = PBXBuildFile; fileRef = 075F16DAE08904FFB2166947; };
558DA9D62D399EAB667741A6 = { isa = PBXFileReference; lastKnownFileType = sourcecode.swift; path = "DuoFX/Rendering/MeshFactory.swift"; sourceTree = SOURCE_ROOT; };
18DADA145B8D76C7467490D2 = { isa = PBXBuildFile; fileRef = 558DA9D62D399EAB667741A6; };
3265AD5C2641A7C688D66271 = { isa = PBXFileReference; lastKnownFileType = sourcecode.swift; path = "DuoFX/Rendering/MetalRenderer.swift"; sourceTree = SOURCE_ROOT; };
556B18B7D2BE6EA5E4E9CF62 = { isa = PBXBuildFile; fileRef = 3265AD5C2641A7C688D66271; };
FF2506FC2F7704DA6B4015E6 = { isa = PBXFileReference; lastKnownFileType = sourcecode.swift; path = "DuoFX/Rendering/OverlayWindowController.swift"; sourceTree = SOURCE_ROOT; };
6F5E693F6251C41D00571EAE = { isa = PBXBuildFile; fileRef = FF2506FC2F7704DA6B4015E6; };
7EBAE5E73B06973CC3C81E26 = { isa = PBXFileReference; lastKnownFileType = text; path = "DuoFX/Rendering/Shaders.metal"; sourceTree = SOURCE_ROOT; };
0953D91E5EA924EB2B8D2FA7 = { isa = PBXBuildFile; fileRef = 7EBAE5E73B06973CC3C81E26; };
F48172EFD27DC33C75487BDA = { isa = PBXFileReference; lastKnownFileType = sourcecode.swift; path = "DuoFX/Rendering/TextureBridge.swift"; sourceTree = SOURCE_ROOT; };
8F7CA737426910A39FD3F640 = { isa = PBXBuildFile; fileRef = F48172EFD27DC33C75487BDA; };
48690BEA31F7AC238EF98071 = { isa = PBXFileReference; lastKnownFileType = image.icns; path = "DuoFX/Resources/DuoFX.icns"; sourceTree = SOURCE_ROOT; };
477DDDE1EFD68E3088EABC1D = { isa = PBXBuildFile; fileRef = 48690BEA31F7AC238EF98071; };
8E812477EFFFB8514264021E = { isa = PBXFileReference; lastKnownFileType = image.png; path = "DuoFX/Resources/Preview.png"; sourceTree = SOURCE_ROOT; };
873DF82004145567102D4813 = { isa = PBXBuildFile; fileRef = 8E812477EFFFB8514264021E; };
03CC9EED8C82995B6CAB2655 = { isa = PBXFileReference; lastKnownFileType = sourcecode.swift; path = "DuoFX/Sensor/HIDAngleSensor.swift"; sourceTree = SOURCE_ROOT; };
881111DC7A41512436892A00 = { isa = PBXBuildFile; fileRef = 03CC9EED8C82995B6CAB2655; };
7D3F33103B56E2B55C459A71 = { isa = PBXFileReference; lastKnownFileType = sourcecode.swift; path = "DuoFX/Sensor/LidAngleProviding.swift"; sourceTree = SOURCE_ROOT; };
9DCDEED01EB40271A0A07E97 = { isa = PBXBuildFile; fileRef = 7D3F33103B56E2B55C459A71; };
BE3F2A063620E978030EF4DF = { isa = PBXFileReference; lastKnownFileType = sourcecode.swift; path = "DuoFX/Sensor/ManualAngleSensor.swift"; sourceTree = SOURCE_ROOT; };
AF4442A8E0B9560C8E92B3DA = { isa = PBXBuildFile; fileRef = BE3F2A063620E978030EF4DF; };
6091338FB79CFED69F2CA06D = { isa = PBXFileReference; lastKnownFileType = sourcecode.swift; path = "DuoFX/Sensor/SensorDiagnostic.swift"; sourceTree = SOURCE_ROOT; };
D6CDDB9341D1C4E5EABA75E9 = { isa = PBXBuildFile; fileRef = 6091338FB79CFED69F2CA06D; };
CE8F4AB859FE7A13A61FB7BA = { isa = PBXFileReference; lastKnownFileType = sourcecode.swift; path = "DuoFX/Settings/SettingsView.swift"; sourceTree = SOURCE_ROOT; };
E5DF8D1A627BEA12C5E41A36 = { isa = PBXBuildFile; fileRef = CE8F4AB859FE7A13A61FB7BA; };
DFB14FBB9E7D095209EC4CFD = { isa = PBXFileReference; lastKnownFileType = text; path = "NOTICE"; sourceTree = SOURCE_ROOT; };
62A5571AF5EF6734B6290B0C = { isa = PBXBuildFile; fileRef = DFB14FBB9E7D095209EC4CFD; };
D945FE1BE66914F14D523095 = { isa = PBXFileReference; lastKnownFileType = text; path = "Licenses/LidAngleSensor.txt"; sourceTree = SOURCE_ROOT; };
3CB0C7D4347A88DE720B1ED0 = { isa = PBXBuildFile; fileRef = D945FE1BE66914F14D523095; };
B335630551682C19A781AFEB = { isa = PBXFileReference;  path = "README.md"; sourceTree = SOURCE_ROOT; };
3DC5DD454E080EB849EE5EFA = { isa = PBXFileReference;  path = "DESIGN.md"; sourceTree = SOURCE_ROOT; };
F913940C58E8744A2AF1C68B = { isa = PBXFileReference;  path = "Package.swift"; sourceTree = SOURCE_ROOT; };
F1E29A4B751E043A1BC240DE = { isa = PBXFileReference; lastKnownFileType = text.xcconfig; path = "Signing.xcconfig"; sourceTree = SOURCE_ROOT; };
A8792157CB4F27FB949C035F = { isa = PBXFileReference; explicitFileType = wrapper.application; path = DuoFX.app; sourceTree = BUILT_PRODUCTS_DIR; };
0A3E27B8CA818264D75C8D81 = { isa = PBXGroup; children = (A8792157CB4F27FB949C035F,); name = Products; sourceTree = "<group>"; };
2C598B6CD3EBCA491AC4F96E = { isa = PBXGroup; children = (90A93F12951432C95B7BB442, F5D6167156413CE0D37EC4E8, 865610D84953131F52195C52, 863861A69AF447E2206E2567,); name = "App"; sourceTree = "<group>"; };
95CDC2789643AD4152BF1C8B = { isa = PBXGroup; children = (307A621EA30E6A5A02A48172, 3A83B7FE8B32FA835AD56041,); name = "Capture"; sourceTree = "<group>"; };
CE920653B13416668831151F = { isa = PBXGroup; children = (19D062BF937D8C57EBE695BB, 075F16DAE08904FFB2166947,); name = "Models"; sourceTree = "<group>"; };
6AC4C0A2C8EC187F7303D8DE = { isa = PBXGroup; children = (558DA9D62D399EAB667741A6, 3265AD5C2641A7C688D66271, FF2506FC2F7704DA6B4015E6, 7EBAE5E73B06973CC3C81E26, F48172EFD27DC33C75487BDA,); name = "Rendering"; sourceTree = "<group>"; };
A553DFF7E4939EF9C1DCD3ED = { isa = PBXGroup; children = (48690BEA31F7AC238EF98071, 8E812477EFFFB8514264021E,); name = "Resources"; sourceTree = "<group>"; };
9BE8F5BF903CF071771EF74B = { isa = PBXGroup; children = (03CC9EED8C82995B6CAB2655, 7D3F33103B56E2B55C459A71, BE3F2A063620E978030EF4DF, 6091338FB79CFED69F2CA06D,); name = "Sensor"; sourceTree = "<group>"; };
E8DF5BE4386DB061AFE92110 = { isa = PBXGroup; children = (CE8F4AB859FE7A13A61FB7BA,); name = "Settings"; sourceTree = "<group>"; };
E68A981E84AD9949AA570A4C = { isa = PBXGroup; children = (4BB80C8A3EDA9DDC21ECC9A5, 2C598B6CD3EBCA491AC4F96E, 95CDC2789643AD4152BF1C8B, CE920653B13416668831151F, 6AC4C0A2C8EC187F7303D8DE, A553DFF7E4939EF9C1DCD3ED, 9BE8F5BF903CF071771EF74B, E8DF5BE4386DB061AFE92110,); name = "DuoFX"; sourceTree = "<group>"; };
89FFF7A33FA75F5242AA48A8 = { isa = PBXGroup; children = (D945FE1BE66914F14D523095,); name = "Licenses"; sourceTree = "<group>"; };
0D6E4079E36703EBD37C0072 = { isa = PBXGroup; children = (E68A981E84AD9949AA570A4C, 89FFF7A33FA75F5242AA48A8, DFB14FBB9E7D095209EC4CFD, B335630551682C19A781AFEB, 3DC5DD454E080EB849EE5EFA, F913940C58E8744A2AF1C68B, F1E29A4B751E043A1BC240DE, 0A3E27B8CA818264D75C8D81,); sourceTree = "<group>"; };
878A52FC5FF6A57D50B7B870 = { isa = PBXSourcesBuildPhase; buildActionMask = 2147483647; files = (3E94360EF468CC112A753436, 093FFFF9FB329CE42425E507, 0B16AECE08481E5BDCC5F385, 10D438FCACE872CC6A9D299D, C31B91233ACCE854C3158F6D, EEC4C9E44F61BB5474A0AD51, 2BA07CEF57B0AF546DFB04E0, B012606AA03C0BEEC0770586, 18DADA145B8D76C7467490D2, 556B18B7D2BE6EA5E4E9CF62, 6F5E693F6251C41D00571EAE, 8F7CA737426910A39FD3F640, 881111DC7A41512436892A00, 9DCDEED01EB40271A0A07E97, AF4442A8E0B9560C8E92B3DA, D6CDDB9341D1C4E5EABA75E9, E5DF8D1A627BEA12C5E41A36,); runOnlyForDeploymentPostprocessing = 0; };
41D311A605520FC7B8B9A980 = { isa = PBXResourcesBuildPhase; buildActionMask = 2147483647; files = (0953D91E5EA924EB2B8D2FA7, 477DDDE1EFD68E3088EABC1D, 873DF82004145567102D4813, 62A5571AF5EF6734B6290B0C, 3CB0C7D4347A88DE720B1ED0,); runOnlyForDeploymentPostprocessing = 0; };
E2AA269EB967A8853A258BFA = { isa = PBXFrameworksBuildPhase; buildActionMask = 2147483647; files = (); runOnlyForDeploymentPostprocessing = 0; };
2B23A31EEC75B029432F2445 = { isa = XCBuildConfiguration; name = Debug; buildSettings = { MACOSX_DEPLOYMENT_TARGET = 14.0; SDKROOT = macosx; ARCHS = arm64; SWIFT_VERSION = 5.0; CLANG_ENABLE_MODULES = YES; }; };
EDDA600A3F771F810A8065C9 = { isa = XCBuildConfiguration; name = Debug; baseConfigurationReference = F1E29A4B751E043A1BC240DE; buildSettings = {
        PRODUCT_NAME = DuoFX; PRODUCT_BUNDLE_IDENTIFIER = com.duofx.DuoFX;
        INFOPLIST_FILE = DuoFX/Info.plist; GENERATE_INFOPLIST_FILE = NO;
        ENABLE_APP_SANDBOX = NO; ENABLE_HARDENED_RUNTIME = YES;
        SWIFT_OPTIMIZATION_LEVEL = "-Onone";
        SWIFT_EMIT_LOC_STRINGS = NO;
        LD_RUNPATH_SEARCH_PATHS = "$(inherited) @executable_path/../Frameworks";
    }; };
07CA1E69F6068DEA30A4DA6B = { isa = XCBuildConfiguration; name = Release; buildSettings = { MACOSX_DEPLOYMENT_TARGET = 14.0; SDKROOT = macosx; ARCHS = arm64; SWIFT_VERSION = 5.0; CLANG_ENABLE_MODULES = YES; }; };
594BCDCC96599D88EF772A08 = { isa = XCBuildConfiguration; name = Release; baseConfigurationReference = F1E29A4B751E043A1BC240DE; buildSettings = {
        PRODUCT_NAME = DuoFX; PRODUCT_BUNDLE_IDENTIFIER = com.duofx.DuoFX;
        INFOPLIST_FILE = DuoFX/Info.plist; GENERATE_INFOPLIST_FILE = NO;
        ENABLE_APP_SANDBOX = NO; ENABLE_HARDENED_RUNTIME = YES;
        SWIFT_OPTIMIZATION_LEVEL = "-O";
        SWIFT_EMIT_LOC_STRINGS = NO;
        LD_RUNPATH_SEARCH_PATHS = "$(inherited) @executable_path/../Frameworks";
    }; };
AD1646610FAAB916B1DAB3FC = { isa = XCConfigurationList; buildConfigurations = (2B23A31EEC75B029432F2445, 07CA1E69F6068DEA30A4DA6B,); defaultConfigurationIsVisible = 0; defaultConfigurationName = Release; };
9C5B038A078AB1DFD15318F0 = { isa = XCConfigurationList; buildConfigurations = (EDDA600A3F771F810A8065C9, 594BCDCC96599D88EF772A08,); defaultConfigurationIsVisible = 0; defaultConfigurationName = Release; };
34A04005BCAF206EEC990BD9 = { isa = PBXNativeTarget; buildConfigurationList = 9C5B038A078AB1DFD15318F0; buildPhases = (878A52FC5FF6A57D50B7B870, E2AA269EB967A8853A258BFA, 41D311A605520FC7B8B9A980,); buildRules = (); dependencies = (); name = DuoFX; productName = DuoFX; productReference = A8792157CB4F27FB949C035F; productType = "com.apple.product-type.application"; };
244210E48437B6556980A702 = { isa = PBXProject; attributes = { LastUpgradeCheck = 1600; }; buildConfigurationList = AD1646610FAAB916B1DAB3FC; compatibilityVersion = "Xcode 14.0"; developmentRegion = en; knownRegions = (en, Base); mainGroup = 0D6E4079E36703EBD37C0072; productRefGroup = 0A3E27B8CA818264D75C8D81; projectDirPath = ""; projectRoot = ""; targets = (34A04005BCAF206EEC990BD9,); };
}; rootObject = 244210E48437B6556980A702; }
